// !$*UTF8*$!
{
	archiveVersion = 1;
	classes = {
	};
	objectVersion = 46;
	objects = {

/* Begin PBXBuildFile section */
		2F394F1D16D18D4D0094F38E /* UIKit.framework in Frameworks */ = {isa = PBXBuildFile; fileRef = 2F394F1C16D18D4D0094F38E /* UIKit.framework */; };
		2F394F1F16D18D4D0094F38E /* Foundation.framework in Frameworks */ = {isa = PBXBuildFile; fileRef = 2F394F1E16D18D4D0094F38E /* Foundation.framework */; };
		2F394F2116D18D4D0094F38E /* CoreGraphics.framework in Frameworks */ = {isa = PBXBuildFile; fileRef = 2F394F2016D18D4D0094F38E /* CoreGraphics.framework */; };
		2F394F2716D18D4D0094F38E /* InfoPlist.strings in Resources */ = {isa = PBXBuildFile; fileRef = 2F394F2516D18D4D0094F38E /* InfoPlist.strings */; };
		2F394F2916D18D4D0094F38E /* main.m in Sources */ = {isa = PBXBuildFile; fileRef = 2F394F2816D18D4D0094F38E /* main.m */; };
		2F394F2D16D18D4D0094F38E /* AppDelegate.m in Sources */ = {isa = PBXBuildFile; fileRef = 2F394F2C16D18D4D0094F38E /* AppDelegate.m */; };
		2F394F2F16D18D4D0094F38E /* Default.png in Resources */ = {isa = PBXBuildFile; fileRef = 2F394F2E16D18D4D0094F38E /* Default.png */; };
		2F394F3116D18D4D0094F38E /* Default@2x.png in Resources */ = {isa = PBXBuildFile; fileRef = 2F394F3016D18D4D0094F38E /* Default@2x.png */; };
		2F394F3316D18D4D0094F38E /* Default-568h@2x.png in Resources */ = {isa = PBXBuildFile; fileRef = 2F394F3216D18D4D0094F38E /* Default-568h@2x.png */; };
		2F394F3B16D18D4E0094F38E /* SenTestingKit.framework in Frameworks */ = {isa = PBXBuildFile; fileRef = 2F394F3A16D18D4E0094F38E /* SenTestingKit.framework */; };
		2F394F3C16D18D4E0094F38E /* UIKit.framework in Frameworks */ = {isa = PBXBuildFile; fileRef = 2F394F1C16D18D4D0094F38E /* UIKit.framework */; };
		2F394F3D16D18D4E0094F38E /* Foundation.framework in Frameworks */ = {isa = PBXBuildFile; fileRef = 2F394F1E16D18D4D0094F38E /* Foundation.framework */; };
		2F394F4516D18D4E0094F38E /* InfoPlist.strings in Resources */ = {isa = PBXBuildFile; fileRef = 2F394F4316D18D4E0094F38E /* InfoPlist.strings */; };
		2F394F4816D18D4E0094F38E /* LoginCounterTests.m in Sources */ = {isa = PBXBuildFile; fileRef = 2F394F4716D18D4E0094F38E /* LoginCounterTests.m */; };
		2F394F5516D191190094F38E /* QuartzCore.framework in Frameworks */ = {isa = PBXBuildFile; fileRef = 2F394F5416D191190094F38E /* QuartzCore.framework */; };
		2F39503E16D1964A0094F38E /* AFHTTPClient.m in Sources */ = {isa = PBXBuildFile; fileRef = 2F39502C16D1964A0094F38E /* AFHTTPClient.m */; };
		2F39503F16D1964A0094F38E /* AFHTTPRequestOperation.m in Sources */ = {isa = PBXBuildFile; fileRef = 2F39502E16D1964A0094F38E /* AFHTTPRequestOperation.m */; };
		2F39504016D1964A0094F38E /* AFImageRequestOperation.m in Sources */ = {isa = PBXBuildFile; fileRef = 2F39503016D1964A0094F38E /* AFImageRequestOperation.m */; };
		2F39504116D1964A0094F38E /* AFJSONRequestOperation.m in Sources */ = {isa = PBXBuildFile; fileRef = 2F39503216D1964A0094F38E /* AFJSONRequestOperation.m */; };
		2F39504216D1964A0094F38E /* AFNetworkActivityIndicatorManager.m in Sources */ = {isa = PBXBuildFile; fileRef = 2F39503416D1964A0094F38E /* AFNetworkActivityIndicatorManager.m */; };
		2F39504316D1964A0094F38E /* AFPropertyListRequestOperation.m in Sources */ = {isa = PBXBuildFile; fileRef = 2F39503716D1964A0094F38E /* AFPropertyListRequestOperation.m */; };
		2F39504416D1964A0094F38E /* AFURLConnectionOperation.m in Sources */ = {isa = PBXBuildFile; fileRef = 2F39503916D1964A0094F38E /* AFURLConnectionOperation.m */; };
		2F39504516D1964A0094F38E /* AFXMLRequestOperation.m in Sources */ = {isa = PBXBuildFile; fileRef = 2F39503B16D1964A0094F38E /* AFXMLRequestOperation.m */; };
		2F39504616D1964A0094F38E /* UIImageView+AFNetworking.m in Sources */ = {isa = PBXBuildFile; fileRef = 2F39503D16D1964A0094F38E /* UIImageView+AFNetworking.m */; };
		2F39504F16D383570094F38E /* MainView.m in Sources */ = {isa = PBXBuildFile; fileRef = 2F39504E16D383570094F38E /* MainView.m */; };
		2F39505216D3838C0094F38E /* LogoutView.m in Sources */ = {isa = PBXBuildFile; fileRef = 2F39505116D3838C0094F38E /* LogoutView.m */; };
/* End PBXBuildFile section */

/* Begin PBXContainerItemProxy section */
		2F394F3E16D18D4E0094F38E /* PBXContainerItemProxy */ = {
			isa = PBXContainerItemProxy;
			containerPortal = 2F394F1116D18D4D0094F38E /* Project object */;
			proxyType = 1;
			remoteGlobalIDString = 2F394F1816D18D4D0094F38E;
			remoteInfo = LoginCounter;
		};
/* End PBXContainerItemProxy section */

/* Begin PBXFileReference section */
		2F394F1916D18D4D0094F38E /* LoginCounter.app */ = {isa = PBXFileReference; explicitFileType = wrapper.application; includeInIndex = 0; path = LoginCounter.app; sourceTree = BUILT_PRODUCTS_DIR; };
		2F394F1C16D18D4D0094F38E /* UIKit.framework */ = {isa = PBXFileReference; lastKnownFileType = wrapper.framework; name = UIKit.framework; path = System/Library/Frameworks/UIKit.framework; sourceTree = SDKROOT; };
		2F394F1E16D18D4D0094F38E /* Foundation.framework */ = {isa = PBXFileReference; lastKnownFileType = wrapper.framework; name = Foundation.framework; path = System/Library/Frameworks/Foundation.framework; sourceTree = SDKROOT; };
		2F394F2016D18D4D0094F38E /* CoreGraphics.framework */ = {isa = PBXFileReference; lastKnownFileType = wrapper.framework; name = CoreGraphics.framework; path = System/Library/Frameworks/CoreGraphics.framework; sourceTree = SDKROOT; };
		2F394F2416D18D4D0094F38E /* LoginCounter-Info.plist */ = {isa = PBXFileReference; lastKnownFileType = text.plist.xml; path = "LoginCounter-Info.plist"; sourceTree = "<group>"; };
		2F394F2616D18D4D0094F38E /* en */ = {isa = PBXFileReference; lastKnownFileType = text.plist.strings; name = en; path = en.lproj/InfoPlist.strings; sourceTree = "<group>"; };
		2F394F2816D18D4D0094F38E /* main.m */ = {isa = PBXFileReference; lastKnownFileType = sourcecode.c.objc; path = main.m; sourceTree = "<group>"; };
		2F394F2A16D18D4D0094F38E /* LoginCounter-Prefix.pch */ = {isa = PBXFileReference; lastKnownFileType = sourcecode.c.h; path = "LoginCounter-Prefix.pch"; sourceTree = "<group>"; };
		2F394F2B16D18D4D0094F38E /* AppDelegate.h */ = {isa = PBXFileReference; lastKnownFileType = sourcecode.c.h; path = AppDelegate.h; sourceTree = "<group>"; };
		2F394F2C16D18D4D0094F38E /* AppDelegate.m */ = {isa = PBXFileReference; lastKnownFileType = sourcecode.c.objc; path = AppDelegate.m; sourceTree = "<group>"; };
		2F394F2E16D18D4D0094F38E /* Default.png */ = {isa = PBXFileReference; lastKnownFileType = image.png; path = Default.png; sourceTree = "<group>"; };
		2F394F3016D18D4D0094F38E /* Default@2x.png */ = {isa = PBXFileReference; lastKnownFileType = image.png; path = "Default@2x.png"; sourceTree = "<group>"; };
		2F394F3216D18D4D0094F38E /* Default-568h@2x.png */ = {isa = PBXFileReference; lastKnownFileType = image.png; path = "Default-568h@2x.png"; sourceTree = "<group>"; };
		2F394F3916D18D4E0094F38E /* LoginCounterTests.octest */ = {isa = PBXFileReference; explicitFileType = wrapper.cfbundle; includeInIndex = 0; path = LoginCounterTests.octest; sourceTree = BUILT_PRODUCTS_DIR; };
		2F394F3A16D18D4E0094F38E /* SenTestingKit.framework */ = {isa = PBXFileReference; lastKnownFileType = wrapper.framework; name = SenTestingKit.framework; path = Library/Frameworks/SenTestingKit.framework; sourceTree = DEVELOPER_DIR; };
		2F394F4216D18D4E0094F38E /* LoginCounterTests-Info.plist */ = {isa = PBXFileReference; lastKnownFileType = text.plist.xml; path = "LoginCounterTests-Info.plist"; sourceTree = "<group>"; };
		2F394F4416D18D4E0094F38E /* en */ = {isa = PBXFileReference; lastKnownFileType = text.plist.strings; name = en; path = en.lproj/InfoPlist.strings; sourceTree = "<group>"; };
		2F394F4616D18D4E0094F38E /* LoginCounterTests.h */ = {isa = PBXFileReference; lastKnownFileType = sourcecode.c.h; path = LoginCounterTests.h; sourceTree = "<group>"; };
		2F394F4716D18D4E0094F38E /* LoginCounterTests.m */ = {isa = PBXFileReference; lastKnownFileType = sourcecode.c.objc; path = LoginCounterTests.m; sourceTree = "<group>"; };
		2F394F5416D191190094F38E /* QuartzCore.framework */ = {isa = PBXFileReference; lastKnownFileType = wrapper.framework; name = QuartzCore.framework; path = System/Library/Frameworks/QuartzCore.framework; sourceTree = SDKROOT; };
		2F39502B16D1964A0094F38E /* AFHTTPClient.h */ = {isa = PBXFileReference; fileEncoding = 4; lastKnownFileType = sourcecode.c.h; path = AFHTTPClient.h; sourceTree = "<group>"; };
		2F39502C16D1964A0094F38E /* AFHTTPClient.m */ = {isa = PBXFileReference; fileEncoding = 4; lastKnownFileType = sourcecode.c.objc; path = AFHTTPClient.m; sourceTree = "<group>"; };
		2F39502D16D1964A0094F38E /* AFHTTPRequestOperation.h */ = {isa = PBXFileReference; fileEncoding = 4; lastKnownFileType = sourcecode.c.h; path = AFHTTPRequestOperation.h; sourceTree = "<group>"; };
		2F39502E16D1964A0094F38E /* AFHTTPRequestOperation.m */ = {isa = PBXFileReference; fileEncoding = 4; lastKnownFileType = sourcecode.c.objc; path = AFHTTPRequestOperation.m; sourceTree = "<group>"; };
		2F39502F16D1964A0094F38E /* AFImageRequestOperation.h */ = {isa = PBXFileReference; fileEncoding = 4; lastKnownFileType = sourcecode.c.h; path = AFImageRequestOperation.h; sourceTree = "<group>"; };
		2F39503016D1964A0094F38E /* AFImageRequestOperation.m */ = {isa = PBXFileReference; fileEncoding = 4; lastKnownFileType = sourcecode.c.objc; path = AFImageRequestOperation.m; sourceTree = "<group>"; };
		2F39503116D1964A0094F38E /* AFJSONRequestOperation.h */ = {isa = PBXFileReference; fileEncoding = 4; lastKnownFileType = sourcecode.c.h; path = AFJSONRequestOperation.h; sourceTree = "<group>"; };
		2F39503216D1964A0094F38E /* AFJSONRequestOperation.m */ = {isa = PBXFileReference; fileEncoding = 4; lastKnownFileType = sourcecode.c.objc; path = AFJSONRequestOperation.m; sourceTree = "<group>"; };
		2F39503316D1964A0094F38E /* AFNetworkActivityIndicatorManager.h */ = {isa = PBXFileReference; fileEncoding = 4; lastKnownFileType = sourcecode.c.h; path = AFNetworkActivityIndicatorManager.h; sourceTree = "<group>"; };
		2F39503416D1964A0094F38E /* AFNetworkActivityIndicatorManager.m */ = {isa = PBXFileReference; fileEncoding = 4; lastKnownFileType = sourcecode.c.objc; path = AFNetworkActivityIndicatorManager.m; sourceTree = "<group>"; };
		2F39503516D1964A0094F38E /* AFNetworking.h */ = {isa = PBXFileReference; fileEncoding = 4; lastKnownFileType = sourcecode.c.h; path = AFNetworking.h; sourceTree = "<group>"; };
		2F39503616D1964A0094F38E /* AFPropertyListRequestOperation.h */ = {isa = PBXFileReference; fileEncoding = 4; lastKnownFileType = sourcecode.c.h; path = AFPropertyListRequestOperation.h; sourceTree = "<group>"; };
		2F39503716D1964A0094F38E /* AFPropertyListRequestOperation.m */ = {isa = PBXFileReference; fileEncoding = 4; lastKnownFileType = sourcecode.c.objc; path = AFPropertyListRequestOperation.m; sourceTree = "<group>"; };
		2F39503816D1964A0094F38E /* AFURLConnectionOperation.h */ = {isa = PBXFileReference; fileEncoding = 4; lastKnownFileType = sourcecode.c.h; path = AFURLConnectionOperation.h; sourceTree = "<group>"; };
		2F39503916D1964A0094F38E /* AFURLConnectionOperation.m */ = {isa = PBXFileReference; fileEncoding = 4; lastKnownFileType = sourcecode.c.objc; path = AFURLConnectionOperation.m; sourceTree = "<group>"; };
		2F39503A16D1964A0094F38E /* AFXMLRequestOperation.h */ = {isa = PBXFileReference; fileEncoding = 4; lastKnownFileType = sourcecode.c.h; path = AFXMLRequestOperation.h; sourceTree = "<group>"; };
		2F39503B16D1964A0094F38E /* AFXMLRequestOperation.m */ = {isa = PBXFileReference; fileEncoding = 4; lastKnownFileType = sourcecode.c.objc; path = AFXMLRequestOperation.m; sourceTree = "<group>"; };
		2F39503C16D1964A0094F38E /* UIImageView+AFNetworking.h */ = {isa = PBXFileReference; fileEncoding = 4; lastKnownFileType = sourcecode.c.h; path = "UIImageView+AFNetworking.h"; sourceTree = "<group>"; };
		2F39503D16D1964A0094F38E /* UIImageView+AFNetworking.m */ = {isa = PBXFileReference; fileEncoding = 4; lastKnownFileType = sourcecode.c.objc; path = "UIImageView+AFNetworking.m"; sourceTree = "<group>"; };
		2F39504D16D383570094F38E /* MainView.h */ = {isa = PBXFileReference; fileEncoding = 4; lastKnownFileType = sourcecode.c.h; path = MainView.h; sourceTree = "<group>"; };
		2F39504E16D383570094F38E /* MainView.m */ = {isa = PBXFileReference; fileEncoding = 4; lastKnownFileType = sourcecode.c.objc; path = MainView.m; sourceTree = "<group>"; };
		2F39505016D3838C0094F38E /* LogoutView.h */ = {isa = PBXFileReference; fileEncoding = 4; lastKnownFileType = sourcecode.c.h; path = LogoutView.h; sourceTree = "<group>"; };
		2F39505116D3838C0094F38E /* LogoutView.m */ = {isa = PBXFileReference; fileEncoding = 4; lastKnownFileType = sourcecode.c.objc; path = LogoutView.m; sourceTree = "<group>"; };
/* End PBXFileReference section */

/* Begin PBXFrameworksBuildPhase section */
		2F394F1616D18D4D0094F38E /* Frameworks */ = {
			isa = PBXFrameworksBuildPhase;
			buildActionMask = 2147483647;
			files = (
				2F394F5516D191190094F38E /* QuartzCore.framework in Frameworks */,
				2F394F1D16D18D4D0094F38E /* UIKit.framework in Frameworks */,
				2F394F1F16D18D4D0094F38E /* Foundation.framework in Frameworks */,
				2F394F2116D18D4D0094F38E /* CoreGraphics.framework in Frameworks */,
			);
			runOnlyForDeploymentPostprocessing = 0;
		};
		2F394F3516D18D4E0094F38E /* Frameworks */ = {
			isa = PBXFrameworksBuildPhase;
			buildActionMask = 2147483647;
			files = (
				2F394F3B16D18D4E0094F38E /* SenTestingKit.framework in Frameworks */,
				2F394F3C16D18D4E0094F38E /* UIKit.framework in Frameworks */,
				2F394F3D16D18D4E0094F38E /* Foundation.framework in Frameworks */,
			);
			runOnlyForDeploymentPostprocessing = 0;
		};
/* End PBXFrameworksBuildPhase section */

/* Begin PBXGroup section */
		2F394F1016D18D4D0094F38E = {
			isa = PBXGroup;
			children = (
				2F39502A16D1964A0094F38E /* AFNetworking */,
				2F394F5416D191190094F38E /* QuartzCore.framework */,
				2F39504D16D383570094F38E /* MainView.h */,
				2F39504E16D383570094F38E /* MainView.m */,
				2F39505016D3838C0094F38E /* LogoutView.h */,
				2F39505116D3838C0094F38E /* LogoutView.m */,
				2F394F2216D18D4D0094F38E /* LoginCounter */,
				2F394F4016D18D4E0094F38E /* LoginCounterTests */,
				2F394F1B16D18D4D0094F38E /* Frameworks */,
				2F394F1A16D18D4D0094F38E /* Products */,
			);
			sourceTree = "<group>";
		};
		2F394F1A16D18D4D0094F38E /* Products */ = {
			isa = PBXGroup;
			children = (
				2F394F1916D18D4D0094F38E /* LoginCounter.app */,
				2F394F3916D18D4E0094F38E /* LoginCounterTests.octest */,
			);
			name = Products;
			sourceTree = "<group>";
		};
		2F394F1B16D18D4D0094F38E /* Frameworks */ = {
			isa = PBXGroup;
			children = (
				2F394F1C16D18D4D0094F38E /* UIKit.framework */,
				2F394F1E16D18D4D0094F38E /* Foundation.framework */,
				2F394F2016D18D4D0094F38E /* CoreGraphics.framework */,
				2F394F3A16D18D4E0094F38E /* SenTestingKit.framework */,
			);
			name = Frameworks;
			sourceTree = "<group>";
		};
		2F394F2216D18D4D0094F38E /* LoginCounter */ = {
			isa = PBXGroup;
			children = (
				2F394F2B16D18D4D0094F38E /* AppDelegate.h */,
				2F394F2C16D18D4D0094F38E /* AppDelegate.m */,
				2F394F2316D18D4D0094F38E /* Supporting Files */,
			);
			path = LoginCounter;
			sourceTree = "<group>";
		};
		2F394F2316D18D4D0094F38E /* Supporting Files */ = {
			isa = PBXGroup;
			children = (
				2F394F2416D18D4D0094F38E /* LoginCounter-Info.plist */,
				2F394F2516D18D4D0094F38E /* InfoPlist.strings */,
				2F394F2816D18D4D0094F38E /* main.m */,
				2F394F2A16D18D4D0094F38E /* LoginCounter-Prefix.pch */,
				2F394F2E16D18D4D0094F38E /* Default.png */,
				2F394F3016D18D4D0094F38E /* Default@2x.png */,
				2F394F3216D18D4D0094F38E /* Default-568h@2x.png */,
			);
			name = "Supporting Files";
			sourceTree = "<group>";
		};
		2F394F4016D18D4E0094F38E /* LoginCounterTests */ = {
			isa = PBXGroup;
			children = (
				2F394F4616D18D4E0094F38E /* LoginCounterTests.h */,
				2F394F4716D18D4E0094F38E /* LoginCounterTests.m */,
				2F394F4116D18D4E0094F38E /* Supporting Files */,
			);
			path = LoginCounterTests;
			sourceTree = "<group>";
		};
		2F394F4116D18D4E0094F38E /* Supporting Files */ = {
			isa = PBXGroup;
			children = (
				2F394F4216D18D4E0094F38E /* LoginCounterTests-Info.plist */,
				2F394F4316D18D4E0094F38E /* InfoPlist.strings */,
			);
			name = "Supporting Files";
			sourceTree = "<group>";
		};
		2F39502A16D1964A0094F38E /* AFNetworking */ = {
			isa = PBXGroup;
			children = (
				2F39502B16D1964A0094F38E /* AFHTTPClient.h */,
				2F39502C16D1964A0094F38E /* AFHTTPClient.m */,
				2F39502D16D1964A0094F38E /* AFHTTPRequestOperation.h */,
				2F39502E16D1964A0094F38E /* AFHTTPRequestOperation.m */,
				2F39502F16D1964A0094F38E /* AFImageRequestOperation.h */,
				2F39503016D1964A0094F38E /* AFImageRequestOperation.m */,
				2F39503116D1964A0094F38E /* AFJSONRequestOperation.h */,
				2F39503216D1964A0094F38E /* AFJSONRequestOperation.m */,
				2F39503316D1964A0094F38E /* AFNetworkActivityIndicatorManager.h */,
				2F39503416D1964A0094F38E /* AFNetworkActivityIndicatorManager.m */,
				2F39503516D1964A0094F38E /* AFNetworking.h */,
				2F39503616D1964A0094F38E /* AFPropertyListRequestOperation.h */,
				2F39503716D1964A0094F38E /* AFPropertyListRequestOperation.m */,
				2F39503816D1964A0094F38E /* AFURLConnectionOperation.h */,
				2F39503916D1964A0094F38E /* AFURLConnectionOperation.m */,
				2F39503A16D1964A0094F38E /* AFXMLRequestOperation.h */,
				2F39503B16D1964A0094F38E /* AFXMLRequestOperation.m */,
				2F39503C16D1964A0094F38E /* UIImageView+AFNetworking.h */,
				2F39503D16D1964A0094F38E /* UIImageView+AFNetworking.m */,
			);
			path = AFNetworking;
			sourceTree = "<group>";
		};
/* End PBXGroup section */

/* Begin PBXNativeTarget section */
		2F394F1816D18D4D0094F38E /* LoginCounter */ = {
			isa = PBXNativeTarget;
			buildConfigurationList = 2F394F4B16D18D4E0094F38E /* Build configuration list for PBXNativeTarget "LoginCounter" */;
			buildPhases = (
				2F394F1516D18D4D0094F38E /* Sources */,
				2F394F1616D18D4D0094F38E /* Frameworks */,
				2F394F1716D18D4D0094F38E /* Resources */,
			);
			buildRules = (
			);
			dependencies = (
			);
			name = LoginCounter;
			productName = LoginCounter;
			productReference = 2F394F1916D18D4D0094F38E /* LoginCounter.app */;
			productType = "com.apple.product-type.application";
		};
		2F394F3816D18D4E0094F38E /* LoginCounterTests */ = {
			isa = PBXNativeTarget;
			buildConfigurationList = 2F394F4E16D18D4E0094F38E /* Build configuration list for PBXNativeTarget "LoginCounterTests" */;
			buildPhases = (
				2F394F3416D18D4E0094F38E /* Sources */,
				2F394F3516D18D4E0094F38E /* Frameworks */,
				2F394F3616D18D4E0094F38E /* Resources */,
				2F394F3716D18D4E0094F38E /* ShellScript */,
			);
			buildRules = (
			);
			dependencies = (
				2F394F3F16D18D4E0094F38E /* PBXTargetDependency */,
			);
			name = LoginCounterTests;
			productName = LoginCounterTests;
			productReference = 2F394F3916D18D4E0094F38E /* LoginCounterTests.octest */;
			productType = "com.apple.product-type.bundle";
		};
/* End PBXNativeTarget section */

/* Begin PBXProject section */
		2F394F1116D18D4D0094F38E /* Project object */ = {
			isa = PBXProject;
			attributes = {
				LastUpgradeCheck = 0460;
				ORGANIZATIONNAME = "Eric Young Hoon Choi";
			};
			buildConfigurationList = 2F394F1416D18D4D0094F38E /* Build configuration list for PBXProject "LoginCounter" */;
			compatibilityVersion = "Xcode 3.2";
			developmentRegion = English;
			hasScannedForEncodings = 0;
			knownRegions = (
				en,
			);
			mainGroup = 2F394F1016D18D4D0094F38E;
			productRefGroup = 2F394F1A16D18D4D0094F38E /* Products */;
			projectDirPath = "";
			projectRoot = "";
			targets = (
				2F394F1816D18D4D0094F38E /* LoginCounter */,
				2F394F3816D18D4E0094F38E /* LoginCounterTests */,
			);
		};
/* End PBXProject section */

/* Begin PBXResourcesBuildPhase section */
		2F394F1716D18D4D0094F38E /* Resources */ = {
			isa = PBXResourcesBuildPhase;
			buildActionMask = 2147483647;
			files = (
				2F394F2716D18D4D0094F38E /* InfoPlist.strings in Resources */,
				2F394F2F16D18D4D0094F38E /* Default.png in Resources */,
				2F394F3116D18D4D0094F38E /* Default@2x.png in Resources */,
				2F394F3316D18D4D0094F38E /* Default-568h@2x.png in Resources */,
			);
			runOnlyForDeploymentPostprocessing = 0;
		};
		2F394F3616D18D4E0094F38E /* Resources */ = {
			isa = PBXResourcesBuildPhase;
			buildActionMask = 2147483647;
			files = (
				2F394F4516D18D4E0094F38E /* InfoPlist.strings in Resources */,
			);
			runOnlyForDeploymentPostprocessing = 0;
		};
/* End PBXResourcesBuildPhase section */

/* Begin PBXShellScriptBuildPhase section */
		2F394F3716D18D4E0094F38E /* ShellScript */ = {
			isa = PBXShellScriptBuildPhase;
			buildActionMask = 2147483647;
			files = (
			);
			inputPaths = (
			);
			outputPaths = (
			);
			runOnlyForDeploymentPostprocessing = 0;
			shellPath = /bin/sh;
			shellScript = "# Run the unit tests in this test bundle.\n\"${SYSTEM_DEVELOPER_DIR}/Tools/RunUnitTests\"\n";
		};
/* End PBXShellScriptBuildPhase section */

/* Begin PBXSourcesBuildPhase section */
		2F394F1516D18D4D0094F38E /* Sources */ = {
			isa = PBXSourcesBuildPhase;
			buildActionMask = 2147483647;
			files = (
				2F394F2916D18D4D0094F38E /* main.m in Sources */,
				2F394F2D16D18D4D0094F38E /* AppDelegate.m in Sources */,
				2F39503E16D1964A0094F38E /* AFHTTPClient.m in Sources */,
				2F39503F16D1964A0094F38E /* AFHTTPRequestOperation.m in Sources */,
				2F39504016D1964A0094F38E /* AFImageRequestOperation.m in Sources */,
				2F39504116D1964A0094F38E /* AFJSONRequestOperation.m in Sources */,
				2F39504216D1964A0094F38E /* AFNetworkActivityIndicatorManager.m in Sources */,
				2F39504316D1964A0094F38E /* AFPropertyListRequestOperation.m in Sources */,
				2F39504416D1964A0094F38E /* AFURLConnectionOperation.m in Sources */,
				2F39504516D1964A0094F38E /* AFXMLRequestOperation.m in Sources */,
				2F39504616D1964A0094F38E /* UIImageView+AFNetworking.m in Sources */,
				2F39504F16D383570094F38E /* MainView.m in Sources */,
				2F39505216D3838C0094F38E /* LogoutView.m in Sources */,
			);
			runOnlyForDeploymentPostprocessing = 0;
		};
		2F394F3416D18D4E0094F38E /* Sources */ = {
			isa = PBXSourcesBuildPhase;
			buildActionMask = 2147483647;
			files = (
				2F394F4816D18D4E0094F38E /* LoginCounterTests.m in Sources */,
			);
			runOnlyForDeploymentPostprocessing = 0;
		};
/* End PBXSourcesBuildPhase section */

/* Begin PBXTargetDependency section */
		2F394F3F16D18D4E0094F38E /* PBXTargetDependency */ = {
			isa = PBXTargetDependency;
			target = 2F394F1816D18D4D0094F38E /* LoginCounter */;
			targetProxy = 2F394F3E16D18D4E0094F38E /* PBXContainerItemProxy */;
		};
/* End PBXTargetDependency section */

/* Begin PBXVariantGroup section */
		2F394F2516D18D4D0094F38E /* InfoPlist.strings */ = {
			isa = PBXVariantGroup;
			children = (
				2F394F2616D18D4D0094F38E /* en */,
			);
			name = InfoPlist.strings;
			sourceTree = "<group>";
		};
		2F394F4316D18D4E0094F38E /* InfoPlist.strings */ = {
			isa = PBXVariantGroup;
			children = (
				2F394F4416D18D4E0094F38E /* en */,
			);
			name = InfoPlist.strings;
			sourceTree = "<group>";
		};
/* End PBXVariantGroup section */

/* Begin XCBuildConfiguration section */
		2F394F4916D18D4E0094F38E /* Debug */ = {
			isa = XCBuildConfiguration;
			buildSettings = {
				ALWAYS_SEARCH_USER_PATHS = NO;
				CLANG_CXX_LANGUAGE_STANDARD = "gnu++0x";
				CLANG_CXX_LIBRARY = "libc++";
				CLANG_ENABLE_OBJC_ARC = YES;
				CLANG_WARN_CONSTANT_CONVERSION = YES;
				CLANG_WARN_EMPTY_BODY = YES;
				CLANG_WARN_ENUM_CONVERSION = YES;
				CLANG_WARN_INT_CONVERSION = YES;
				CLANG_WARN__DUPLICATE_METHOD_MATCH = YES;
				"CODE_SIGN_IDENTITY[sdk=iphoneos*]" = "iPhone Developer";
				COPY_PHASE_STRIP = NO;
				GCC_C_LANGUAGE_STANDARD = gnu99;
				GCC_DYNAMIC_NO_PIC = NO;
				GCC_OPTIMIZATION_LEVEL = 0;
				GCC_PREPROCESSOR_DEFINITIONS = (
					"DEBUG=1",
					"$(inherited)",
				);
				GCC_SYMBOLS_PRIVATE_EXTERN = NO;
				GCC_WARN_ABOUT_RETURN_TYPE = YES;
				GCC_WARN_UNINITIALIZED_AUTOS = YES;
				GCC_WARN_UNUSED_VARIABLE = YES;
				IPHONEOS_DEPLOYMENT_TARGET = 6.1;
				ONLY_ACTIVE_ARCH = YES;
				SDKROOT = iphoneos;
				TARGETED_DEVICE_FAMILY = "1,2";
			};
			name = Debug;
		};
		2F394F4A16D18D4E0094F38E /* Release */ = {
			isa = XCBuildConfiguration;
			buildSettings = {
				ALWAYS_SEARCH_USER_PATHS = NO;
				CLANG_CXX_LANGUAGE_STANDARD = "gnu++0x";
				CLANG_CXX_LIBRARY = "libc++";
				CLANG_ENABLE_OBJC_ARC = YES;
				CLANG_WARN_CONSTANT_CONVERSION = YES;
				CLANG_WARN_EMPTY_BODY = YES;
				CLANG_WARN_ENUM_CONVERSION = YES;
				CLANG_WARN_INT_CONVERSION = YES;
				CLANG_WARN__DUPLICATE_METHOD_MATCH = YES;
				"CODE_SIGN_IDENTITY[sdk=iphoneos*]" = "iPhone Developer";
				COPY_PHASE_STRIP = YES;
				GCC_C_LANGUAGE_STANDARD = gnu99;
				GCC_WARN_ABOUT_RETURN_TYPE = YES;
				GCC_WARN_UNINITIALIZED_AUTOS = YES;
				GCC_WARN_UNUSED_VARIABLE = YES;
				IPHONEOS_DEPLOYMENT_TARGET = 6.1;
				OTHER_CFLAGS = "-DNS_BLOCK_ASSERTIONS=1";
				SDKROOT = iphoneos;
				TARGETED_DEVICE_FAMILY = "1,2";
				VALIDATE_PRODUCT = YES;
			};
			name = Release;
		};
		2F394F4C16D18D4E0094F38E /* Debug */ = {
			isa = XCBuildConfiguration;
			buildSettings = {
				GCC_PRECOMPILE_PREFIX_HEADER = YES;
				GCC_PREFIX_HEADER = "LoginCounter/LoginCounter-Prefix.pch";
				INFOPLIST_FILE = "LoginCounter/LoginCounter-Info.plist";
				PRODUCT_NAME = "$(TARGET_NAME)";
				WRAPPER_EXTENSION = app;
			};
			name = Debug;
		};
		2F394F4D16D18D4E0094F38E /* Release */ = {
			isa = XCBuildConfiguration;
			buildSettings = {
				GCC_PRECOMPILE_PREFIX_HEADER = YES;
				GCC_PREFIX_HEADER = "LoginCounter/LoginCounter-Prefix.pch";
				INFOPLIST_FILE = "LoginCounter/LoginCounter-Info.plist";
				PRODUCT_NAME = "$(TARGET_NAME)";
				WRAPPER_EXTENSION = app;
			};
			name = Release;
		};
		2F394F4F16D18D4E0094F38E /* Debug */ = {
			isa = XCBuildConfiguration;
			buildSettings = {
				BUNDLE_LOADER = "$(BUILT_PRODUCTS_DIR)/LoginCounter.app/LoginCounter";
				FRAMEWORK_SEARCH_PATHS = (
					"\"$(SDKROOT)/Developer/Library/Frameworks\"",
					"\"$(DEVELOPER_LIBRARY_DIR)/Frameworks\"",
				);
				GCC_PRECOMPILE_PREFIX_HEADER = YES;
				GCC_PREFIX_HEADER = "LoginCounter/LoginCounter-Prefix.pch";
				INFOPLIST_FILE = "LoginCounterTests/LoginCounterTests-Info.plist";
				PRODUCT_NAME = "$(TARGET_NAME)";
				TEST_HOST = "$(BUNDLE_LOADER)";
				WRAPPER_EXTENSION = octest;
			};
			name = Debug;
		};
		2F394F5016D18D4E0094F38E /* Release */ = {
			isa = XCBuildConfiguration;
			buildSettings = {
				BUNDLE_LOADER = "$(BUILT_PRODUCTS_DIR)/LoginCounter.app/LoginCounter";
				FRAMEWORK_SEARCH_PATHS = (
					"\"$(SDKROOT)/Developer/Library/Frameworks\"",
					"\"$(DEVELOPER_LIBRARY_DIR)/Frameworks\"",
				);
				GCC_PRECOMPILE_PREFIX_HEADER = YES;
				GCC_PREFIX_HEADER = "LoginCounter/LoginCounter-Prefix.pch";
				INFOPLIST_FILE = "LoginCounterTests/LoginCounterTests-Info.plist";
				PRODUCT_NAME = "$(TARGET_NAME)";
				TEST_HOST = "$(BUNDLE_LOADER)";
				WRAPPER_EXTENSION = octest;
			};
			name = Release;
		};
/* End XCBuildConfiguration section */

/* Begin XCConfigurationList section */
		2F394F1416D18D4D0094F38E /* Build configuration list for PBXProject "LoginCounter" */ = {
			isa = XCConfigurationList;
			buildConfigurations = (
				2F394F4916D18D4E0094F38E /* Debug */,
				2F394F4A16D18D4E0094F38E /* Release */,
			);
			defaultConfigurationIsVisible = 0;
			defaultConfigurationName = Release;
		};
		2F394F4B16D18D4E0094F38E /* Build configuration list for PBXNativeTarget "LoginCounter" */ = {
			isa = XCConfigurationList;
			buildConfigurations = (
				2F394F4C16D18D4E0094F38E /* Debug */,
				2F394F4D16D18D4E0094F38E /* Release */,
			);
			defaultConfigurationIsVisible = 0;
			defaultConfigurationName = Release;
		};
		2F394F4E16D18D4E0094F38E /* Build configuration list for PBXNativeTarget "LoginCounterTests" */ = {
			isa = XCConfigurationList;
			buildConfigurations = (
				2F394F4F16D18D4E0094F38E /* Debug */,
				2F394F5016D18D4E0094F38E /* Release */,
			);
			defaultConfigurationIsVisible = 0;
			defaultConfigurationName = Release;
		};
/* End XCConfigurationList section */
	};
	rootObject = 2F394F1116D18D4D0094F38E /* Project object */;
}
